// !$*UTF8*$!
{
	archiveVersion = 1;
	classes = {
	};
	objectVersion = 50;
	objects = {

/* Begin PBXBuildFile section */
		C55184AD26F71FF00076B446 /* AppDelegate.swift in Sources */ = {isa = PBXBuildFile; fileRef = C55184AC26F71FF00076B446 /* AppDelegate.swift */; };
		C55184AF26F71FF00076B446 /* SceneDelegate.swift in Sources */ = {isa = PBXBuildFile; fileRef = C55184AE26F71FF00076B446 /* SceneDelegate.swift */; };
		C55184B126F71FF00076B446 /* SaunaViewController.swift in Sources */ = {isa = PBXBuildFile; fileRef = C55184B026F71FF00076B446 /* SaunaViewController.swift */; };
		C55184B426F71FF00076B446 /* Main.storyboard in Resources */ = {isa = PBXBuildFile; fileRef = C55184B226F71FF00076B446 /* Main.storyboard */; };
		C55184B626F71FF10076B446 /* Assets.xcassets in Resources */ = {isa = PBXBuildFile; fileRef = C55184B526F71FF10076B446 /* Assets.xcassets */; };
		C55184B926F71FF10076B446 /* LaunchScreen.storyboard in Resources */ = {isa = PBXBuildFile; fileRef = C55184B726F71FF10076B446 /* LaunchScreen.storyboard */; };
		C55184C426F71FF10076B446 /* SampleCollectionViewTests.swift in Sources */ = {isa = PBXBuildFile; fileRef = C55184C326F71FF10076B446 /* SampleCollectionViewTests.swift */; };
		C55184CF26F71FF10076B446 /* SampleCollectionViewUITests.swift in Sources */ = {isa = PBXBuildFile; fileRef = C55184CE26F71FF10076B446 /* SampleCollectionViewUITests.swift */; };
		C5B2533926FEEA2800CB08F1 /* SaunaCollectionViewCell.swift in Sources */ = {isa = PBXBuildFile; fileRef = C5B2533726FEEA2800CB08F1 /* SaunaCollectionViewCell.swift */; };
		C5B2533A26FEEA2800CB08F1 /* SaunaCollectionViewCell.xib in Resources */ = {isa = PBXBuildFile; fileRef = C5B2533826FEEA2800CB08F1 /* SaunaCollectionViewCell.xib */; };
		C5B2535F27002CDA00CB08F1 /* CellTapViewController.swift in Sources */ = {isa = PBXBuildFile; fileRef = C5B2535E27002CDA00CB08F1 /* CellTapViewController.swift */; };
		C5B2536427002CFD00CB08F1 /* CellTapViewController.storyboard in Resources */ = {isa = PBXBuildFile; fileRef = C5B2536327002CFD00CB08F1 /* CellTapViewController.storyboard */; };
/* End PBXBuildFile section */

/* Begin PBXContainerItemProxy section */
		C55184C026F71FF10076B446 /* PBXContainerItemProxy */ = {
			isa = PBXContainerItemProxy;
			containerPortal = C55184A126F71FF00076B446 /* Project object */;
			proxyType = 1;
			remoteGlobalIDString = C55184A826F71FF00076B446;
			remoteInfo = SampleCollectionView;
		};
		C55184CB26F71FF10076B446 /* PBXContainerItemProxy */ = {
			isa = PBXContainerItemProxy;
			containerPortal = C55184A126F71FF00076B446 /* Project object */;
			proxyType = 1;
			remoteGlobalIDString = C55184A826F71FF00076B446;
			remoteInfo = SampleCollectionView;
		};
/* End PBXContainerItemProxy section */

/* Begin PBXFileReference section */
		C55184A926F71FF00076B446 /* SampleCollectionView.app */ = {isa = PBXFileReference; explicitFileType = wrapper.application; includeInIndex = 0; path = SampleCollectionView.app; sourceTree = BUILT_PRODUCTS_DIR; };
		C55184AC26F71FF00076B446 /* AppDelegate.swift */ = {isa = PBXFileReference; lastKnownFileType = sourcecode.swift; path = AppDelegate.swift; sourceTree = "<group>"; };
		C55184AE26F71FF00076B446 /* SceneDelegate.swift */ = {isa = PBXFileReference; lastKnownFileType = sourcecode.swift; path = SceneDelegate.swift; sourceTree = "<group>"; };
		C55184B026F71FF00076B446 /* SaunaViewController.swift */ = {isa = PBXFileReference; lastKnownFileType = sourcecode.swift; path = SaunaViewController.swift; sourceTree = "<group>"; };
		C55184B326F71FF00076B446 /* Base */ = {isa = PBXFileReference; lastKnownFileType = file.storyboard; name = Base; path = Base.lproj/Main.storyboard; sourceTree = "<group>"; };
		C55184B526F71FF10076B446 /* Assets.xcassets */ = {isa = PBXFileReference; lastKnownFileType = folder.assetcatalog; path = Assets.xcassets; sourceTree = "<group>"; };
		C55184B826F71FF10076B446 /* Base */ = {isa = PBXFileReference; lastKnownFileType = file.storyboard; name = Base; path = Base.lproj/LaunchScreen.storyboard; sourceTree = "<group>"; };
		C55184BA26F71FF10076B446 /* Info.plist */ = {isa = PBXFileReference; lastKnownFileType = text.plist.xml; path = Info.plist; sourceTree = "<group>"; };
		C55184BF26F71FF10076B446 /* SampleCollectionViewTests.xctest */ = {isa = PBXFileReference; explicitFileType = wrapper.cfbundle; includeInIndex = 0; path = SampleCollectionViewTests.xctest; sourceTree = BUILT_PRODUCTS_DIR; };
		C55184C326F71FF10076B446 /* SampleCollectionViewTests.swift */ = {isa = PBXFileReference; lastKnownFileType = sourcecode.swift; path = SampleCollectionViewTests.swift; sourceTree = "<group>"; };
		C55184C526F71FF10076B446 /* Info.plist */ = {isa = PBXFileReference; lastKnownFileType = text.plist.xml; path = Info.plist; sourceTree = "<group>"; };
		C55184CA26F71FF10076B446 /* SampleCollectionViewUITests.xctest */ = {isa = PBXFileReference; explicitFileType = wrapper.cfbundle; includeInIndex = 0; path = SampleCollectionViewUITests.xctest; sourceTree = BUILT_PRODUCTS_DIR; };
		C55184CE26F71FF10076B446 /* SampleCollectionViewUITests.swift */ = {isa = PBXFileReference; lastKnownFileType = sourcecode.swift; path = SampleCollectionViewUITests.swift; sourceTree = "<group>"; };
		C55184D026F71FF10076B446 /* Info.plist */ = {isa = PBXFileReference; lastKnownFileType = text.plist.xml; path = Info.plist; sourceTree = "<group>"; };
		C5B2533726FEEA2800CB08F1 /* SaunaCollectionViewCell.swift */ = {isa = PBXFileReference; lastKnownFileType = sourcecode.swift; path = SaunaCollectionViewCell.swift; sourceTree = "<group>"; };
		C5B2533826FEEA2800CB08F1 /* SaunaCollectionViewCell.xib */ = {isa = PBXFileReference; lastKnownFileType = file.xib; path = SaunaCollectionViewCell.xib; sourceTree = "<group>"; };
		C5B2535E27002CDA00CB08F1 /* CellTapViewController.swift */ = {isa = PBXFileReference; lastKnownFileType = sourcecode.swift; path = CellTapViewController.swift; sourceTree = "<group>"; };
		C5B2536327002CFD00CB08F1 /* CellTapViewController.storyboard */ = {isa = PBXFileReference; lastKnownFileType = file.storyboard; path = CellTapViewController.storyboard; sourceTree = "<group>"; };
/* End PBXFileReference section */

/* Begin PBXFrameworksBuildPhase section */
		C55184A626F71FF00076B446 /* Frameworks */ = {
			isa = PBXFrameworksBuildPhase;
			buildActionMask = 2147483647;
			files = (
			);
			runOnlyForDeploymentPostprocessing = 0;
		};
		C55184BC26F71FF10076B446 /* Frameworks */ = {
			isa = PBXFrameworksBuildPhase;
			buildActionMask = 2147483647;
			files = (
			);
			runOnlyForDeploymentPostprocessing = 0;
		};
		C55184C726F71FF10076B446 /* Frameworks */ = {
			isa = PBXFrameworksBuildPhase;
			buildActionMask = 2147483647;
			files = (
			);
			runOnlyForDeploymentPostprocessing = 0;
		};
/* End PBXFrameworksBuildPhase section */

/* Begin PBXGroup section */
		C55184A026F71FF00076B446 = {
			isa = PBXGroup;
			children = (
				C55184AB26F71FF00076B446 /* SampleCollectionView */,
				C55184C226F71FF10076B446 /* SampleCollectionViewTests */,
				C55184CD26F71FF10076B446 /* SampleCollectionViewUITests */,
				C55184AA26F71FF00076B446 /* Products */,
			);
			sourceTree = "<group>";
		};
		C55184AA26F71FF00076B446 /* Products */ = {
			isa = PBXGroup;
			children = (
				C55184A926F71FF00076B446 /* SampleCollectionView.app */,
				C55184BF26F71FF10076B446 /* SampleCollectionViewTests.xctest */,
				C55184CA26F71FF10076B446 /* SampleCollectionViewUITests.xctest */,
			);
			name = Products;
			sourceTree = "<group>";
		};
		C55184AB26F71FF00076B446 /* SampleCollectionView */ = {
			isa = PBXGroup;
			children = (
				C55184AC26F71FF00076B446 /* AppDelegate.swift */,
				C55184AE26F71FF00076B446 /* SceneDelegate.swift */,
				C55184B026F71FF00076B446 /* SaunaViewController.swift */,
				C55184B226F71FF00076B446 /* Main.storyboard */,
				C55184B526F71FF10076B446 /* Assets.xcassets */,
				C55184B726F71FF10076B446 /* LaunchScreen.storyboard */,
				C55184BA26F71FF10076B446 /* Info.plist */,
				C5B2533726FEEA2800CB08F1 /* SaunaCollectionViewCell.swift */,
				C5B2533826FEEA2800CB08F1 /* SaunaCollectionViewCell.xib */,
				C5B2535E27002CDA00CB08F1 /* CellTapViewController.swift */,
				C5B2536327002CFD00CB08F1 /* CellTapViewController.storyboard */,
			);
			path = SampleCollectionView;
			sourceTree = "<group>";
		};
		C55184C226F71FF10076B446 /* SampleCollectionViewTests */ = {
			isa = PBXGroup;
			children = (
				C55184C326F71FF10076B446 /* SampleCollectionViewTests.swift */,
				C55184C526F71FF10076B446 /* Info.plist */,
			);
			path = SampleCollectionViewTests;
			sourceTree = "<group>";
		};
		C55184CD26F71FF10076B446 /* SampleCollectionViewUITests */ = {
			isa = PBXGroup;
			children = (
				C55184CE26F71FF10076B446 /* SampleCollectionViewUITests.swift */,
				C55184D026F71FF10076B446 /* Info.plist */,
			);
			path = SampleCollectionViewUITests;
			sourceTree = "<group>";
		};
/* End PBXGroup section */

/* Begin PBXNativeTarget section */
		C55184A826F71FF00076B446 /* SampleCollectionView */ = {
			isa = PBXNativeTarget;
			buildConfigurationList = C55184D326F71FF10076B446 /* Build configuration list for PBXNativeTarget "SampleCollectionView" */;
			buildPhases = (
				C55184A526F71FF00076B446 /* Sources */,
				C55184A626F71FF00076B446 /* Frameworks */,
				C55184A726F71FF00076B446 /* Resources */,
			);
			buildRules = (
			);
			dependencies = (
			);
			name = SampleCollectionView;
			productName = SampleCollectionView;
			productReference = C55184A926F71FF00076B446 /* SampleCollectionView.app */;
			productType = "com.apple.product-type.application";
		};
		C55184BE26F71FF10076B446 /* SampleCollectionViewTests */ = {
			isa = PBXNativeTarget;
			buildConfigurationList = C55184D626F71FF10076B446 /* Build configuration list for PBXNativeTarget "SampleCollectionViewTests" */;
			buildPhases = (
				C55184BB26F71FF10076B446 /* Sources */,
				C55184BC26F71FF10076B446 /* Frameworks */,
				C55184BD26F71FF10076B446 /* Resources */,
			);
			buildRules = (
			);
			dependencies = (
				C55184C126F71FF10076B446 /* PBXTargetDependency */,
			);
			name = SampleCollectionViewTests;
			productName = SampleCollectionViewTests;
			productReference = C55184BF26F71FF10076B446 /* SampleCollectionViewTests.xctest */;
			productType = "com.apple.product-type.bundle.unit-test";
		};
		C55184C926F71FF10076B446 /* SampleCollectionViewUITests */ = {
			isa = PBXNativeTarget;
			buildConfigurationList = C55184D926F71FF10076B446 /* Build configuration list for PBXNativeTarget "SampleCollectionViewUITests" */;
			buildPhases = (
				C55184C626F71FF10076B446 /* Sources */,
				C55184C726F71FF10076B446 /* Frameworks */,
				C55184C826F71FF10076B446 /* Resources */,
			);
			buildRules = (
			);
			dependencies = (
				C55184CC26F71FF10076B446 /* PBXTargetDependency */,
			);
			name = SampleCollectionViewUITests;
			productName = SampleCollectionViewUITests;
			productReference = C55184CA26F71FF10076B446 /* SampleCollectionViewUITests.xctest */;
			productType = "com.apple.product-type.bundle.ui-testing";
		};
/* End PBXNativeTarget section */

/* Begin PBXProject section */
		C55184A126F71FF00076B446 /* Project object */ = {
			isa = PBXProject;
			attributes = {
				LastSwiftUpdateCheck = 1240;
				LastUpgradeCheck = 1240;
				TargetAttributes = {
					C55184A826F71FF00076B446 = {
						CreatedOnToolsVersion = 12.4;
					};
					C55184BE26F71FF10076B446 = {
						CreatedOnToolsVersion = 12.4;
						TestTargetID = C55184A826F71FF00076B446;
					};
					C55184C926F71FF10076B446 = {
						CreatedOnToolsVersion = 12.4;
						TestTargetID = C55184A826F71FF00076B446;
					};
				};
			};
			buildConfigurationList = C55184A426F71FF00076B446 /* Build configuration list for PBXProject "SampleCollectionView" */;
			compatibilityVersion = "Xcode 9.3";
			developmentRegion = en;
			hasScannedForEncodings = 0;
			knownRegions = (
				en,
				Base,
			);
			mainGroup = C55184A026F71FF00076B446;
			productRefGroup = C55184AA26F71FF00076B446 /* Products */;
			projectDirPath = "";
			projectRoot = "";
			targets = (
				C55184A826F71FF00076B446 /* SampleCollectionView */,
				C55184BE26F71FF10076B446 /* SampleCollectionViewTests */,
				C55184C926F71FF10076B446 /* SampleCollectionViewUITests */,
			);
		};
/* End PBXProject section */

/* Begin PBXResourcesBuildPhase section */
		C55184A726F71FF00076B446 /* Resources */ = {
			isa = PBXResourcesBuildPhase;
			buildActionMask = 2147483647;
			files = (
				C55184B926F71FF10076B446 /* LaunchScreen.storyboard in Resources */,
				C55184B626F71FF10076B446 /* Assets.xcassets in Resources */,
				C55184B426F71FF00076B446 /* Main.storyboard in Resources */,
				C5B2533A26FEEA2800CB08F1 /* SaunaCollectionViewCell.xib in Resources */,
				C5B2536427002CFD00CB08F1 /* CellTapViewController.storyboard in Resources */,
			);
			runOnlyForDeploymentPostprocessing = 0;
		};
		C55184BD26F71FF10076B446 /* Resources */ = {
			isa = PBXResourcesBuildPhase;
			buildActionMask = 2147483647;
			files = (
			);
			runOnlyForDeploymentPostprocessing = 0;
		};
		C55184C826F71FF10076B446 /* Resources */ = {
			isa = PBXResourcesBuildPhase;
			buildActionMask = 2147483647;
			files = (
			);
			runOnlyForDeploymentPostprocessing = 0;
		};
/* End PBXResourcesBuildPhase section */

/* Begin PBXSourcesBuildPhase section */
		C55184A526F71FF00076B446 /* Sources */ = {
			isa = PBXSourcesBuildPhase;
			buildActionMask = 2147483647;
			files = (
				C55184B126F71FF00076B446 /* SaunaViewController.swift in Sources */,
				C55184AD26F71FF00076B446 /* AppDelegate.swift in Sources */,
				C55184AF26F71FF00076B446 /* SceneDelegate.swift in Sources */,
				C5B2535F27002CDA00CB08F1 /* CellTapViewController.swift in Sources */,
				C5B2533926FEEA2800CB08F1 /* SaunaCollectionViewCell.swift in Sources */,
			);
			runOnlyForDeploymentPostprocessing = 0;
		};
		C55184BB26F71FF10076B446 /* Sources */ = {
			isa = PBXSourcesBuildPhase;
			buildActionMask = 2147483647;
			files = (
				C55184C426F71FF10076B446 /* SampleCollectionViewTests.swift in Sources */,
			);
			runOnlyForDeploymentPostprocessing = 0;
		};
		C55184C626F71FF10076B446 /* Sources */ = {
			isa = PBXSourcesBuildPhase;
			buildActionMask = 2147483647;
			files = (
				C55184CF26F71FF10076B446 /* SampleCollectionViewUITests.swift in Sources */,
			);
			runOnlyForDeploymentPostprocessing = 0;
		};
/* End PBXSourcesBuildPhase section */

/* Begin PBXTargetDependency section */
		C55184C126F71FF10076B446 /* PBXTargetDependency */ = {
			isa = PBXTargetDependency;
			target = C55184A826F71FF00076B446 /* SampleCollectionView */;
			targetProxy = C55184C026F71FF10076B446 /* PBXContainerItemProxy */;
		};
		C55184CC26F71FF10076B446 /* PBXTargetDependency */ = {
			isa = PBXTargetDependency;
			target = C55184A826F71FF00076B446 /* SampleCollectionView */;
			targetProxy = C55184CB26F71FF10076B446 /* PBXContainerItemProxy */;
		};
/* End PBXTargetDependency section */

/* Begin PBXVariantGroup section */
		C55184B226F71FF00076B446 /* Main.storyboard */ = {
			isa = PBXVariantGroup;
			children = (
				C55184B326F71FF00076B446 /* Base */,
			);
			name = Main.storyboard;
			sourceTree = "<group>";
		};
		C55184B726F71FF10076B446 /* LaunchScreen.storyboard */ = {
			isa = PBXVariantGroup;
			children = (
				C55184B826F71FF10076B446 /* Base */,
			);
			name = LaunchScreen.storyboard;
			sourceTree = "<group>";
		};
/* End PBXVariantGroup section */

/* Begin XCBuildConfiguration section */
		C55184D126F71FF10076B446 /* Debug */ = {
			isa = XCBuildConfiguration;
			buildSettings = {
				ALWAYS_SEARCH_USER_PATHS = NO;
				CLANG_ANALYZER_NONNULL = YES;
				CLANG_ANALYZER_NUMBER_OBJECT_CONVERSION = YES_AGGRESSIVE;
				CLANG_CXX_LANGUAGE_STANDARD = "gnu++14";
				CLANG_CXX_LIBRARY = "libc++";
				CLANG_ENABLE_MODULES = YES;
				CLANG_ENABLE_OBJC_ARC = YES;
				CLANG_ENABLE_OBJC_WEAK = YES;
				CLANG_WARN_BLOCK_CAPTURE_AUTORELEASING = YES;
				CLANG_WARN_BOOL_CONVERSION = YES;
				CLANG_WARN_COMMA = YES;
				CLANG_WARN_CONSTANT_CONVERSION = YES;
				CLANG_WARN_DEPRECATED_OBJC_IMPLEMENTATIONS = YES;
				CLANG_WARN_DIRECT_OBJC_ISA_USAGE = YES_ERROR;
				CLANG_WARN_DOCUMENTATION_COMMENTS = YES;
				CLANG_WARN_EMPTY_BODY = YES;
				CLANG_WARN_ENUM_CONVERSION = YES;
				CLANG_WARN_INFINITE_RECURSION = YES;
				CLANG_WARN_INT_CONVERSION = YES;
				CLANG_WARN_NON_LITERAL_NULL_CONVERSION = YES;
				CLANG_WARN_OBJC_IMPLICIT_RETAIN_SELF = YES;
				CLANG_WARN_OBJC_LITERAL_CONVERSION = YES;
				CLANG_WARN_OBJC_ROOT_CLASS = YES_ERROR;
				CLANG_WARN_QUOTED_INCLUDE_IN_FRAMEWORK_HEADER = YES;
				CLANG_WARN_RANGE_LOOP_ANALYSIS = YES;
				CLANG_WARN_STRICT_PROTOTYPES = YES;
				CLANG_WARN_SUSPICIOUS_MOVE = YES;
				CLANG_WARN_UNGUARDED_AVAILABILITY = YES_AGGRESSIVE;
				CLANG_WARN_UNREACHABLE_CODE = YES;
				CLANG_WARN__DUPLICATE_METHOD_MATCH = YES;
				COPY_PHASE_STRIP = NO;
				DEBUG_INFORMATION_FORMAT = dwarf;
				ENABLE_STRICT_OBJC_MSGSEND = YES;
				ENABLE_TESTABILITY = YES;
				GCC_C_LANGUAGE_STANDARD = gnu11;
				GCC_DYNAMIC_NO_PIC = NO;
				GCC_NO_COMMON_BLOCKS = YES;
				GCC_OPTIMIZATION_LEVEL = 0;
				GCC_PREPROCESSOR_DEFINITIONS = (
					"DEBUG=1",
					"$(inherited)",
				);
				GCC_WARN_64_TO_32_BIT_CONVERSION = YES;
				GCC_WARN_ABOUT_RETURN_TYPE = YES_ERROR;
				GCC_WARN_UNDECLARED_SELECTOR = YES;
				GCC_WARN_UNINITIALIZED_AUTOS = YES_AGGRESSIVE;
				GCC_WARN_UNUSED_FUNCTION = YES;
				GCC_WARN_UNUSED_VARIABLE = YES;
				IPHONEOS_DEPLOYMENT_TARGET = 14.4;
				MTL_ENABLE_DEBUG_INFO = INCLUDE_SOURCE;
				MTL_FAST_MATH = YES;
				ONLY_ACTIVE_ARCH = YES;
				SDKROOT = iphoneos;
				SWIFT_ACTIVE_COMPILATION_CONDITIONS = DEBUG;
				SWIFT_OPTIMIZATION_LEVEL = "-Onone";
			};
			name = Debug;
		};
		C55184D226F71FF10076B446 /* Release */ = {
			isa = XCBuildConfiguration;
			buildSettings = {
				ALWAYS_SEARCH_USER_PATHS = NO;
				CLANG_ANALYZER_NONNULL = YES;
				CLANG_ANALYZER_NUMBER_OBJECT_CONVERSION = YES_AGGRESSIVE;
				CLANG_CXX_LANGUAGE_STANDARD = "gnu++14";
				CLANG_CXX_LIBRARY = "libc++";
				CLANG_ENABLE_MODULES = YES;
				CLANG_ENABLE_OBJC_ARC = YES;
				CLANG_ENABLE_OBJC_WEAK = YES;
				CLANG_WARN_BLOCK_CAPTURE_AUTORELEASING = YES;
				CLANG_WARN_BOOL_CONVERSION = YES;
				CLANG_WARN_COMMA = YES;
				CLANG_WARN_CONSTANT_CONVERSION = YES;
				CLANG_WARN_DEPRECATED_OBJC_IMPLEMENTATIONS = YES;
				CLANG_WARN_DIRECT_OBJC_ISA_USAGE = YES_ERROR;
				CLANG_WARN_DOCUMENTATION_COMMENTS = YES;
				CLANG_WARN_EMPTY_BODY = YES;
				CLANG_WARN_ENUM_CONVERSION = YES;
				CLANG_WARN_INFINITE_RECURSION = YES;
				CLANG_WARN_INT_CONVERSION = YES;
				CLANG_WARN_NON_LITERAL_NULL_CONVERSION = YES;
				CLANG_WARN_OBJC_IMPLICIT_RETAIN_SELF = YES;
				CLANG_WARN_OBJC_LITERAL_CONVERSION = YES;
				CLANG_WARN_OBJC_ROOT_CLASS = YES_ERROR;
				CLANG_WARN_QUOTED_INCLUDE_IN_FRAMEWORK_HEADER = YES;
				CLANG_WARN_RANGE_LOOP_ANALYSIS = YES;
				CLANG_WARN_STRICT_PROTOTYPES = YES;
				CLANG_WARN_SUSPICIOUS_MOVE = YES;
				CLANG_WARN_UNGUARDED_AVAILABILITY = YES_AGGRESSIVE;
				CLANG_WARN_UNREACHABLE_CODE = YES;
				CLANG_WARN__DUPLICATE_METHOD_MATCH = YES;
				COPY_PHASE_STRIP = NO;
				DEBUG_INFORMATION_FORMAT = "dwarf-with-dsym";
				ENABLE_NS_ASSERTIONS = NO;
				ENABLE_STRICT_OBJC_MSGSEND = YES;
				GCC_C_LANGUAGE_STANDARD = gnu11;
				GCC_NO_COMMON_BLOCKS = YES;
				GCC_WARN_64_TO_32_BIT_CONVERSION = YES;
				GCC_WARN_ABOUT_RETURN_TYPE = YES_ERROR;
				GCC_WARN_UNDECLARED_SELECTOR = YES;
				GCC_WARN_UNINITIALIZED_AUTOS = YES_AGGRESSIVE;
				GCC_WARN_UNUSED_FUNCTION = YES;
				GCC_WARN_UNUSED_VARIABLE = YES;
				IPHONEOS_DEPLOYMENT_TARGET = 14.4;
				MTL_ENABLE_DEBUG_INFO = NO;
				MTL_FAST_MATH = YES;
				SDKROOT = iphoneos;
				SWIFT_COMPILATION_MODE = wholemodule;
				SWIFT_OPTIMIZATION_LEVEL = "-O";
				VALIDATE_PRODUCT = YES;
			};
			name = Release;
		};
		C55184D426F71FF10076B446 /* Debug */ = {
			isa = XCBuildConfiguration;
			buildSettings = {
				ASSETCATALOG_COMPILER_APPICON_NAME = AppIcon;
				ASSETCATALOG_COMPILER_GLOBAL_ACCENT_COLOR_NAME = AccentColor;
				CODE_SIGN_STYLE = Automatic;
				DEVELOPMENT_TEAM = 737XJB84YA;
				INFOPLIST_FILE = SampleCollectionView/Info.plist;
				LD_RUNPATH_SEARCH_PATHS = (
					"$(inherited)",
					"@executable_path/Frameworks",
				);
				PRODUCT_BUNDLE_IDENTIFIER = com.fuchi.SampleCollectionView;
				PRODUCT_NAME = "$(TARGET_NAME)";
				SWIFT_VERSION = 5.0;
				TARGETED_DEVICE_FAMILY = "1,2";
			};
			name = Debug;
		};
		C55184D526F71FF10076B446 /* Release */ = {
			isa = XCBuildConfiguration;
			buildSettings = {
				ASSETCATALOG_COMPILER_APPICON_NAME = AppIcon;
				ASSETCATALOG_COMPILER_GLOBAL_ACCENT_COLOR_NAME = AccentColor;
				CODE_SIGN_STYLE = Automatic;
				DEVELOPMENT_TEAM = 737XJB84YA;
				INFOPLIST_FILE = SampleCollectionView/Info.plist;
				LD_RUNPATH_SEARCH_PATHS = (
					"$(inherited)",
					"@executable_path/Frameworks",
				);
				PRODUCT_BUNDLE_IDENTIFIER = com.fuchi.SampleCollectionView;
				PRODUCT_NAME = "$(TARGET_NAME)";
				SWIFT_VERSION = 5.0;
				TARGETED_DEVICE_FAMILY = "1,2";
			};
			name = Release;
		};
		C55184D726F71FF10076B446 /* Debug */ = {
			isa = XCBuildConfiguration;
			buildSettings = {
				ALWAYS_EMBED_SWIFT_STANDARD_LIBRARIES = YES;
				BUNDLE_LOADER = "$(TEST_HOST)";
				CODE_SIGN_STYLE = Automatic;
				DEVELOPMENT_TEAM = 737XJB84YA;
				INFOPLIST_FILE = SampleCollectionViewTests/Info.plist;
				IPHONEOS_DEPLOYMENT_TARGET = 14.4;
				LD_RUNPATH_SEARCH_PATHS = (
					"$(inherited)",
					"@executable_path/Frameworks",
					"@loader_path/Frameworks",
				);
				PRODUCT_BUNDLE_IDENTIFIER = com.fuchi.SampleCollectionViewTests;
				PRODUCT_NAME = "$(TARGET_NAME)";
				SWIFT_VERSION = 5.0;
				TARGETED_DEVICE_FAMILY = "1,2";
				TEST_HOST = "$(BUILT_PRODUCTS_DIR)/SampleCollectionView.app/SampleCollectionView";
			};
			name = Debug;
		};
		C55184D826F71FF10076B446 /* Release */ = {
			isa = XCBuildConfiguration;
			buildSettings = {
				ALWAYS_EMBED_SWIFT_STANDARD_LIBRARIES = YES;
				BUNDLE_LOADER = "$(TEST_HOST)";
				CODE_SIGN_STYLE = Automatic;
				DEVELOPMENT_TEAM = 737XJB84YA;
				INFOPLIST_FILE = SampleCollectionViewTests/Info.plist;
				IPHONEOS_DEPLOYMENT_TARGET = 14.4;
				LD_RUNPATH_SEARCH_PATHS = (
					"$(inherited)",
					"@executable_path/Frameworks",
					"@loader_path/Frameworks",
				);
				PRODUCT_BUNDLE_IDENTIFIER = com.fuchi.SampleCollectionViewTests;
				PRODUCT_NAME = "$(TARGET_NAME)";
				SWIFT_VERSION = 5.0;
				TARGETED_DEVICE_FAMILY = "1,2";
				TEST_HOST = "$(BUILT_PRODUCTS_DIR)/SampleCollectionView.app/SampleCollectionView";
			};
			name = Release;
		};
		C55184DA26F71FF10076B446 /* Debug */ = {
			isa = XCBuildConfiguration;
			buildSettings = {
				ALWAYS_EMBED_SWIFT_STANDARD_LIBRARIES = YES;
				CODE_SIGN_STYLE = Automatic;
				DEVELOPMENT_TEAM = 737XJB84YA;
				INFOPLIST_FILE = SampleCollectionViewUITests/Info.plist;
				LD_RUNPATH_SEARCH_PATHS = (
					"$(inherited)",
					"@executable_path/Frameworks",
					"@loader_path/Frameworks",
				);
				PRODUCT_BUNDLE_IDENTIFIER = com.fuchi.SampleCollectionViewUITests;
				PRODUCT_NAME = "$(TARGET_NAME)";
				SWIFT_VERSION = 5.0;
				TARGETED_DEVICE_FAMILY = "1,2";
				TEST_TARGET_NAME = SampleCollectionView;
			};
			name = Debug;
		};
		C55184DB26F71FF10076B446 /* Release */ = {
			isa = XCBuildConfiguration;
			buildSettings = {
				ALWAYS_EMBED_SWIFT_STANDARD_LIBRARIES = YES;
				CODE_SIGN_STYLE = Automatic;
				DEVELOPMENT_TEAM = 737XJB84YA;
				INFOPLIST_FILE = SampleCollectionViewUITests/Info.plist;
				LD_RUNPATH_SEARCH_PATHS = (
					"$(inherited)",
					"@executable_path/Frameworks",
					"@loader_path/Frameworks",
				);
				PRODUCT_BUNDLE_IDENTIFIER = com.fuchi.SampleCollectionViewUITests;
				PRODUCT_NAME = "$(TARGET_NAME)";
				SWIFT_VERSION = 5.0;
				TARGETED_DEVICE_FAMILY = "1,2";
				TEST_TARGET_NAME = SampleCollectionView;
			};
			name = Release;
		};
/* End XCBuildConfiguration section */

/* Begin XCConfigurationList section */
		C55184A426F71FF00076B446 /* Build configuration list for PBXProject "SampleCollectionView" */ = {
			isa = XCConfigurationList;
			buildConfigurations = (
				C55184D126F71FF10076B446 /* Debug */,
				C55184D226F71FF10076B446 /* Release */,
			);
			defaultConfigurationIsVisible = 0;
			defaultConfigurationName = Release;
		};
		C55184D326F71FF10076B446 /* Build configuration list for PBXNativeTarget "SampleCollectionView" */ = {
			isa = XCConfigurationList;
			buildConfigurations = (
				C55184D426F71FF10076B446 /* Debug */,
				C55184D526F71FF10076B446 /* Release */,
			);
			defaultConfigurationIsVisible = 0;
			defaultConfigurationName = Release;
		};
		C55184D626F71FF10076B446 /* Build configuration list for PBXNativeTarget "SampleCollectionViewTests" */ = {
			isa = XCConfigurationList;
			buildConfigurations = (
				C55184D726F71FF10076B446 /* Debug */,
				C55184D826F71FF10076B446 /* Release */,
			);
			defaultConfigurationIsVisible = 0;
			defaultConfigurationName = Release;
		};
		C55184D926F71FF10076B446 /* Build configuration list for PBXNativeTarget "SampleCollectionViewUITests" */ = {
			isa = XCConfigurationList;
			buildConfigurations = (
				C55184DA26F71FF10076B446 /* Debug */,
				C55184DB26F71FF10076B446 /* Release */,
			);
			defaultConfigurationIsVisible = 0;
			defaultConfigurationName = Release;
		};
/* End XCConfigurationList section */
	};
	rootObject = C55184A126F71FF00076B446 /* Project object */;
}
